// !$*UTF8*$!
{
	archiveVersion = 1;
	classes = {
	};
	objectVersion = 55;
	objects = {

/* Begin PBXBuildFile section */
		3536EAC628A90A4E0047FECF /* AppDelegate.swift in Sources */ = {isa = PBXBuildFile; fileRef = 3536EAC528A90A4E0047FECF /* AppDelegate.swift */; };
		3536EAC828A90A4E0047FECF /* SceneDelegate.swift in Sources */ = {isa = PBXBuildFile; fileRef = 3536EAC728A90A4E0047FECF /* SceneDelegate.swift */; };
		3536EACA28A90A4E0047FECF /* ViewController.swift in Sources */ = {isa = PBXBuildFile; fileRef = 3536EAC928A90A4E0047FECF /* ViewController.swift */; };
		3536EACD28A90A4E0047FECF /* Main.storyboard in Resources */ = {isa = PBXBuildFile; fileRef = 3536EACB28A90A4E0047FECF /* Main.storyboard */; };
		3536EACF28A90A500047FECF /* Assets.xcassets in Resources */ = {isa = PBXBuildFile; fileRef = 3536EACE28A90A500047FECF /* Assets.xcassets */; };
		3536EAD228A90A500047FECF /* LaunchScreen.storyboard in Resources */ = {isa = PBXBuildFile; fileRef = 3536EAD028A90A500047FECF /* LaunchScreen.storyboard */; };
		3536EADA28A90A9C0047FECF /* MoyaService.swift in Sources */ = {isa = PBXBuildFile; fileRef = 3536EAD928A90A9C0047FECF /* MoyaService.swift */; };
		3536EADC28A90C5E0047FECF /* ViewModel.swift in Sources */ = {isa = PBXBuildFile; fileRef = 3536EADB28A90C5E0047FECF /* ViewModel.swift */; };
		3536EADE28A90E5D0047FECF /* UserModel.swift in Sources */ = {isa = PBXBuildFile; fileRef = 3536EADD28A90E5D0047FECF /* UserModel.swift */; };
		58018EDFB120EDFE6A277FCD /* Pods_YTMoyaDemo.framework in Frameworks */ = {isa = PBXBuildFile; fileRef = B70631F127E1BDA19CA611DB /* Pods_YTMoyaDemo.framework */; };
/* End PBXBuildFile section */

/* Begin PBXFileReference section */
		3536EAC228A90A4E0047FECF /* YTMoyaDemo.app */ = {isa = PBXFileReference; explicitFileType = wrapper.application; includeInIndex = 0; path = YTMoyaDemo.app; sourceTree = BUILT_PRODUCTS_DIR; };
		3536EAC528A90A4E0047FECF /* AppDelegate.swift */ = {isa = PBXFileReference; lastKnownFileType = sourcecode.swift; path = AppDelegate.swift; sourceTree = "<group>"; };
		3536EAC728A90A4E0047FECF /* SceneDelegate.swift */ = {isa = PBXFileReference; lastKnownFileType = sourcecode.swift; path = SceneDelegate.swift; sourceTree = "<group>"; };
		3536EAC928A90A4E0047FECF /* ViewController.swift */ = {isa = PBXFileReference; lastKnownFileType = sourcecode.swift; path = ViewController.swift; sourceTree = "<group>"; };
		3536EACC28A90A4E0047FECF /* Base */ = {isa = PBXFileReference; lastKnownFileType = file.storyboard; name = Base; path = Base.lproj/Main.storyboard; sourceTree = "<group>"; };
		3536EACE28A90A500047FECF /* Assets.xcassets */ = {isa = PBXFileReference; lastKnownFileType = folder.assetcatalog; path = Assets.xcassets; sourceTree = "<group>"; };
		3536EAD128A90A500047FECF /* Base */ = {isa = PBXFileReference; lastKnownFileType = file.storyboard; name = Base; path = Base.lproj/LaunchScreen.storyboard; sourceTree = "<group>"; };
		3536EAD328A90A500047FECF /* Info.plist */ = {isa = PBXFileReference; lastKnownFileType = text.plist.xml; path = Info.plist; sourceTree = "<group>"; };
		3536EAD928A90A9C0047FECF /* MoyaService.swift */ = {isa = PBXFileReference; lastKnownFileType = sourcecode.swift; path = MoyaService.swift; sourceTree = "<group>"; };
		3536EADB28A90C5E0047FECF /* ViewModel.swift */ = {isa = PBXFileReference; lastKnownFileType = sourcecode.swift; path = ViewModel.swift; sourceTree = "<group>"; };
		3536EADD28A90E5D0047FECF /* UserModel.swift */ = {isa = PBXFileReference; lastKnownFileType = sourcecode.swift; path = UserModel.swift; sourceTree = "<group>"; };
		B70631F127E1BDA19CA611DB /* Pods_YTMoyaDemo.framework */ = {isa = PBXFileReference; explicitFileType = wrapper.framework; includeInIndex = 0; path = Pods_YTMoyaDemo.framework; sourceTree = BUILT_PRODUCTS_DIR; };
		F805B567C10415B944DBC383 /* Pods-YTMoyaDemo.debug.xcconfig */ = {isa = PBXFileReference; includeInIndex = 1; lastKnownFileType = text.xcconfig; name = "Pods-YTMoyaDemo.debug.xcconfig"; path = "Target Support Files/Pods-YTMoyaDemo/Pods-YTMoyaDemo.debug.xcconfig"; sourceTree = "<group>"; };
		FE1A5AB2CB16015444984C5D /* Pods-YTMoyaDemo.release.xcconfig */ = {isa = PBXFileReference; includeInIndex = 1; lastKnownFileType = text.xcconfig; name = "Pods-YTMoyaDemo.release.xcconfig"; path = "Target Support Files/Pods-YTMoyaDemo/Pods-YTMoyaDemo.release.xcconfig"; sourceTree = "<group>"; };
/* End PBXFileReference section */

/* Begin PBXFrameworksBuildPhase section */
		3536EABF28A90A4E0047FECF /* Frameworks */ = {
			isa = PBXFrameworksBuildPhase;
			buildActionMask = 2147483647;
			files = (
				58018EDFB120EDFE6A277FCD /* Pods_YTMoyaDemo.framework in Frameworks */,
			);
			runOnlyForDeploymentPostprocessing = 0;
		};
/* End PBXFrameworksBuildPhase section */

/* Begin PBXGroup section */
		24A7DC7EEFB0914C22130B5D /* Frameworks */ = {
			isa = PBXGroup;
			children = (
				B70631F127E1BDA19CA611DB /* Pods_YTMoyaDemo.framework */,
			);
			name = Frameworks;
			sourceTree = "<group>";
		};
		3536EAB928A90A4E0047FECF = {
			isa = PBXGroup;
			children = (
				3536EAC428A90A4E0047FECF /* YTMoyaDemo */,
				3536EAC328A90A4E0047FECF /* Products */,
				5C1DB8AF6324EF8F70FDFE10 /* Pods */,
				24A7DC7EEFB0914C22130B5D /* Frameworks */,
			);
			sourceTree = "<group>";
		};
		3536EAC328A90A4E0047FECF /* Products */ = {
			isa = PBXGroup;
			children = (
				3536EAC228A90A4E0047FECF /* YTMoyaDemo.app */,
			);
			name = Products;
			sourceTree = "<group>";
		};
		3536EAC428A90A4E0047FECF /* YTMoyaDemo */ = {
			isa = PBXGroup;
			children = (
				3536EAC528A90A4E0047FECF /* AppDelegate.swift */,
				3536EAC728A90A4E0047FECF /* SceneDelegate.swift */,
				3536EAC928A90A4E0047FECF /* ViewController.swift */,
				3536EACB28A90A4E0047FECF /* Main.storyboard */,
				3536EACE28A90A500047FECF /* Assets.xcassets */,
				3536EAD028A90A500047FECF /* LaunchScreen.storyboard */,
				3536EAD328A90A500047FECF /* Info.plist */,
				3536EAD928A90A9C0047FECF /* MoyaService.swift */,
				3536EADB28A90C5E0047FECF /* ViewModel.swift */,
				3536EADD28A90E5D0047FECF /* UserModel.swift */,
			);
			path = YTMoyaDemo;
			sourceTree = "<group>";
		};
		5C1DB8AF6324EF8F70FDFE10 /* Pods */ = {
			isa = PBXGroup;
			children = (
				F805B567C10415B944DBC383 /* Pods-YTMoyaDemo.debug.xcconfig */,
				FE1A5AB2CB16015444984C5D /* Pods-YTMoyaDemo.release.xcconfig */,
			);
			path = Pods;
			sourceTree = "<group>";
		};
/* End PBXGroup section */

/* Begin PBXNativeTarget section */
		3536EAC128A90A4E0047FECF /* YTMoyaDemo */ = {
			isa = PBXNativeTarget;
			buildConfigurationList = 3536EAD628A90A500047FECF /* Build configuration list for PBXNativeTarget "YTMoyaDemo" */;
			buildPhases = (
				C3DD672B0D0DBBB9DC11D65C /* [CP] Check Pods Manifest.lock */,
				3536EABE28A90A4E0047FECF /* Sources */,
				3536EABF28A90A4E0047FECF /* Frameworks */,
				3536EAC028A90A4E0047FECF /* Resources */,
				3DAF3CC9E583F19356D14EFA /* [CP] Embed Pods Frameworks */,
			);
			buildRules = (
			);
			dependencies = (
			);
			name = YTMoyaDemo;
			productName = YTMoyaDemo;
			productReference = 3536EAC228A90A4E0047FECF /* YTMoyaDemo.app */;
			productType = "com.apple.product-type.application";
		};
/* End PBXNativeTarget section */

/* Begin PBXProject section */
		3536EABA28A90A4E0047FECF /* Project object */ = {
			isa = PBXProject;
			attributes = {
				BuildIndependentTargetsInParallel = 1;
				LastSwiftUpdateCheck = 1330;
				LastUpgradeCheck = 1330;
				TargetAttributes = {
					3536EAC128A90A4E0047FECF = {
						CreatedOnToolsVersion = 13.3;
					};
				};
			};
			buildConfigurationList = 3536EABD28A90A4E0047FECF /* Build configuration list for PBXProject "YTMoyaDemo" */;
			compatibilityVersion = "Xcode 13.0";
			developmentRegion = en;
			hasScannedForEncodings = 0;
			knownRegions = (
				en,
				Base,
			);
			mainGroup = 3536EAB928A90A4E0047FECF;
			productRefGroup = 3536EAC328A90A4E0047FECF /* Products */;
			projectDirPath = "";
			projectRoot = "";
			targets = (
				3536EAC128A90A4E0047FECF /* YTMoyaDemo */,
			);
		};
/* End PBXProject section */

/* Begin PBXResourcesBuildPhase section */
		3536EAC028A90A4E0047FECF /* Resources */ = {
			isa = PBXResourcesBuildPhase;
			buildActionMask = 2147483647;
			files = (
				3536EAD228A90A500047FECF /* LaunchScreen.storyboard in Resources */,
				3536EACF28A90A500047FECF /* Assets.xcassets in Resources */,
				3536EACD28A90A4E0047FECF /* Main.storyboard in Resources */,
			);
			runOnlyForDeploymentPostprocessing = 0;
		};
/* End PBXResourcesBuildPhase section */

/* Begin PBXShellScriptBuildPhase section */
		3DAF3CC9E583F19356D14EFA /* [CP] Embed Pods Frameworks */ = {
			isa = PBXShellScriptBuildPhase;
			buildActionMask = 2147483647;
			files = (
			);
			inputFileListPaths = (
				"${PODS_ROOT}/Target Support Files/Pods-YTMoyaDemo/Pods-YTMoyaDemo-frameworks-${CONFIGURATION}-input-files.xcfilelist",
			);
			name = "[CP] Embed Pods Frameworks";
			outputFileListPaths = (
				"${PODS_ROOT}/Target Support Files/Pods-YTMoyaDemo/Pods-YTMoyaDemo-frameworks-${CONFIGURATION}-output-files.xcfilelist",
			);
			runOnlyForDeploymentPostprocessing = 0;
			shellPath = /bin/sh;
			shellScript = "\"${PODS_ROOT}/Target Support Files/Pods-YTMoyaDemo/Pods-YTMoyaDemo-frameworks.sh\"\n";
			showEnvVarsInLog = 0;
		};
		C3DD672B0D0DBBB9DC11D65C /* [CP] Check Pods Manifest.lock */ = {
			isa = PBXShellScriptBuildPhase;
			buildActionMask = 2147483647;
			files = (
			);
			inputFileListPaths = (
			);
			inputPaths = (
				"${PODS_PODFILE_DIR_PATH}/Podfile.lock",
				"${PODS_ROOT}/Manifest.lock",
			);
			name = "[CP] Check Pods Manifest.lock";
			outputFileListPaths = (
			);
			outputPaths = (
				"$(DERIVED_FILE_DIR)/Pods-YTMoyaDemo-checkManifestLockResult.txt",
			);
			runOnlyForDeploymentPostprocessing = 0;
			shellPath = /bin/sh;
			shellScript = "diff \"${PODS_PODFILE_DIR_PATH}/Podfile.lock\" \"${PODS_ROOT}/Manifest.lock\" > /dev/null\nif [ $? != 0 ] ; then\n    # print error to STDERR\n    echo \"error: The sandbox is not in sync with the Podfile.lock. Run 'pod install' or update your CocoaPods installation.\" >&2\n    exit 1\nfi\n# This output is used by Xcode 'outputs' to avoid re-running this script phase.\necho \"SUCCESS\" > \"${SCRIPT_OUTPUT_FILE_0}\"\n";
			showEnvVarsInLog = 0;
		};
/* End PBXShellScriptBuildPhase section */

/* Begin PBXSourcesBuildPhase section */
		3536EABE28A90A4E0047FECF /* Sources */ = {
			isa = PBXSourcesBuildPhase;
			buildActionMask = 2147483647;
			files = (
				3536EADC28A90C5E0047FECF /* ViewModel.swift in Sources */,
				3536EACA28A90A4E0047FECF /* ViewController.swift in Sources */,
				3536EAC628A90A4E0047FECF /* AppDelegate.swift in Sources */,
				3536EAC828A90A4E0047FECF /* SceneDelegate.swift in Sources */,
				3536EADE28A90E5D0047FECF /* UserModel.swift in Sources */,
				3536EADA28A90A9C0047FECF /* MoyaService.swift in Sources */,
			);
			runOnlyForDeploymentPostprocessing = 0;
		};
/* End PBXSourcesBuildPhase section */

/* Begin PBXVariantGroup section */
		3536EACB28A90A4E0047FECF /* Main.storyboard */ = {
			isa = PBXVariantGroup;
			children = (
				3536EACC28A90A4E0047FECF /* Base */,
			);
			name = Main.storyboard;
			sourceTree = "<group>";
		};
		3536EAD028A90A500047FECF /* LaunchScreen.storyboard */ = {
			isa = PBXVariantGroup;
			children = (
				3536EAD128A90A500047FECF /* Base */,
			);
			name = LaunchScreen.storyboard;
			sourceTree = "<group>";
		};
/* End PBXVariantGroup section */

/* Begin XCBuildConfiguration section */
		3536EAD428A90A500047FECF /* Debug */ = {
			isa = XCBuildConfiguration;
			buildSettings = {
				ALWAYS_SEARCH_USER_PATHS = NO;
				CLANG_ANALYZER_NONNULL = YES;
				CLANG_ANALYZER_NUMBER_OBJECT_CONVERSION = YES_AGGRESSIVE;
				CLANG_CXX_LANGUAGE_STANDARD = "gnu++17";
				CLANG_ENABLE_MODULES = YES;
				CLANG_ENABLE_OBJC_ARC = YES;
				CLANG_ENABLE_OBJC_WEAK = YES;
				CLANG_WARN_BLOCK_CAPTURE_AUTORELEASING = YES;
				CLANG_WARN_BOOL_CONVERSION = YES;
				CLANG_WARN_COMMA = YES;
				CLANG_WARN_CONSTANT_CONVERSION = YES;
				CLANG_WARN_DEPRECATED_OBJC_IMPLEMENTATIONS = YES;
				CLANG_WARN_DIRECT_OBJC_ISA_USAGE = YES_ERROR;
				CLANG_WARN_DOCUMENTATION_COMMENTS = YES;
				CLANG_WARN_EMPTY_BODY = YES;
				CLANG_WARN_ENUM_CONVERSION = YES;
				CLANG_WARN_INFINITE_RECURSION = YES;
				CLANG_WARN_INT_CONVERSION = YES;
				CLANG_WARN_NON_LITERAL_NULL_CONVERSION = YES;
				CLANG_WARN_OBJC_IMPLICIT_RETAIN_SELF = YES;
				CLANG_WARN_OBJC_LITERAL_CONVERSION = YES;
				CLANG_WARN_OBJC_ROOT_CLASS = YES_ERROR;
				CLANG_WARN_QUOTED_INCLUDE_IN_FRAMEWORK_HEADER = YES;
				CLANG_WARN_RANGE_LOOP_ANALYSIS = YES;
				CLANG_WARN_STRICT_PROTOTYPES = YES;
				CLANG_WARN_SUSPICIOUS_MOVE = YES;
				CLANG_WARN_UNGUARDED_AVAILABILITY = YES_AGGRESSIVE;
				CLANG_WARN_UNREACHABLE_CODE = YES;
				CLANG_WARN__DUPLICATE_METHOD_MATCH = YES;
				COPY_PHASE_STRIP = NO;
				DEBUG_INFORMATION_FORMAT = dwarf;
				ENABLE_STRICT_OBJC_MSGSEND = YES;
				ENABLE_TESTABILITY = YES;
				GCC_C_LANGUAGE_STANDARD = gnu11;
				GCC_DYNAMIC_NO_PIC = NO;
				GCC_NO_COMMON_BLOCKS = YES;
				GCC_OPTIMIZATION_LEVEL = 0;
				GCC_PREPROCESSOR_DEFINITIONS = (
					"DEBUG=1",
					"$(inherited)",
				);
				GCC_WARN_64_TO_32_BIT_CONVERSION = YES;
				GCC_WARN_ABOUT_RETURN_TYPE = YES_ERROR;
				GCC_WARN_UNDECLARED_SELECTOR = YES;
				GCC_WARN_UNINITIALIZED_AUTOS = YES_AGGRESSIVE;
				GCC_WARN_UNUSED_FUNCTION = YES;
				GCC_WARN_UNUSED_VARIABLE = YES;
				IPHONEOS_DEPLOYMENT_TARGET = 15.4;
				MTL_ENABLE_DEBUG_INFO = INCLUDE_SOURCE;
				MTL_FAST_MATH = YES;
				ONLY_ACTIVE_ARCH = YES;
				SDKROOT = iphoneos;
				SWIFT_ACTIVE_COMPILATION_CONDITIONS = DEBUG;
				SWIFT_OPTIMIZATION_LEVEL = "-Onone";
			};
			name = Debug;
		};
		3536EAD528A90A500047FECF /* Release */ = {
			isa = XCBuildConfiguration;
			buildSettings = {
				ALWAYS_SEARCH_USER_PATHS = NO;
				CLANG_ANALYZER_NONNULL = YES;
				CLANG_ANALYZER_NUMBER_OBJECT_CONVERSION = YES_AGGRESSIVE;
				CLANG_CXX_LANGUAGE_STANDARD = "gnu++17";
				CLANG_ENABLE_MODULES = YES;
				CLANG_ENABLE_OBJC_ARC = YES;
				CLANG_ENABLE_OBJC_WEAK = YES;
				CLANG_WARN_BLOCK_CAPTURE_AUTORELEASING = YES;
				CLANG_WARN_BOOL_CONVERSION = YES;
				CLANG_WARN_COMMA = YES;
				CLANG_WARN_CONSTANT_CONVERSION = YES;
				CLANG_WARN_DEPRECATED_OBJC_IMPLEMENTATIONS = YES;
				CLANG_WARN_DIRECT_OBJC_ISA_USAGE = YES_ERROR;
				CLANG_WARN_DOCUMENTATION_COMMENTS = YES;
				CLANG_WARN_EMPTY_BODY = YES;
				CLANG_WARN_ENUM_CONVERSION = YES;
				CLANG_WARN_INFINITE_RECURSION = YES;
				CLANG_WARN_INT_CONVERSION = YES;
				CLANG_WARN_NON_LITERAL_NULL_CONVERSION = YES;
				CLANG_WARN_OBJC_IMPLICIT_RETAIN_SELF = YES;
				CLANG_WARN_OBJC_LITERAL_CONVERSION = YES;
				CLANG_WARN_OBJC_ROOT_CLASS = YES_ERROR;
				CLANG_WARN_QUOTED_INCLUDE_IN_FRAMEWORK_HEADER = YES;
				CLANG_WARN_RANGE_LOOP_ANALYSIS = YES;
				CLANG_WARN_STRICT_PROTOTYPES = YES;
				CLANG_WARN_SUSPICIOUS_MOVE = YES;
				CLANG_WARN_UNGUARDED_AVAILABILITY = YES_AGGRESSIVE;
				CLANG_WARN_UNREACHABLE_CODE = YES;
				CLANG_WARN__DUPLICATE_METHOD_MATCH = YES;
				COPY_PHASE_STRIP = NO;
				DEBUG_INFORMATION_FORMAT = "dwarf-with-dsym";
				ENABLE_NS_ASSERTIONS = NO;
				ENABLE_STRICT_OBJC_MSGSEND = YES;
				GCC_C_LANGUAGE_STANDARD = gnu11;
				GCC_NO_COMMON_BLOCKS = YES;
				GCC_WARN_64_TO_32_BIT_CONVERSION = YES;
				GCC_WARN_ABOUT_RETURN_TYPE = YES_ERROR;
				GCC_WARN_UNDECLARED_SELECTOR = YES;
				GCC_WARN_UNINITIALIZED_AUTOS = YES_AGGRESSIVE;
				GCC_WARN_UNUSED_FUNCTION = YES;
				GCC_WARN_UNUSED_VARIABLE = YES;
				IPHONEOS_DEPLOYMENT_TARGET = 15.4;
				MTL_ENABLE_DEBUG_INFO = NO;
				MTL_FAST_MATH = YES;
				SDKROOT = iphoneos;
				SWIFT_COMPILATION_MODE = wholemodule;
				SWIFT_OPTIMIZATION_LEVEL = "-O";
				VALIDATE_PRODUCT = YES;
			};
			name = Release;
		};
		3536EAD728A90A500047FECF /* Debug */ = {
			isa = XCBuildConfiguration;
			baseConfigurationReference = F805B567C10415B944DBC383 /* Pods-YTMoyaDemo.debug.xcconfig */;
			buildSettings = {
				ASSETCATALOG_COMPILER_APPICON_NAME = AppIcon;
				ASSETCATALOG_COMPILER_GLOBAL_ACCENT_COLOR_NAME = AccentColor;
				CODE_SIGN_STYLE = Automatic;
				CURRENT_PROJECT_VERSION = 1;
				GENERATE_INFOPLIST_FILE = YES;
				INFOPLIST_FILE = YTMoyaDemo/Info.plist;
				INFOPLIST_KEY_UIApplicationSupportsIndirectInputEvents = YES;
				INFOPLIST_KEY_UILaunchStoryboardName = LaunchScreen;
				INFOPLIST_KEY_UIMainStoryboardFile = Main;
				INFOPLIST_KEY_UISupportedInterfaceOrientations_iPad = "UIInterfaceOrientationPortrait UIInterfaceOrientationPortraitUpsideDown UIInterfaceOrientationLandscapeLeft UIInterfaceOrientationLandscapeRight";
				INFOPLIST_KEY_UISupportedInterfaceOrientations_iPhone = "UIInterfaceOrientationPortrait UIInterfaceOrientationLandscapeLeft UIInterfaceOrientationLandscapeRight";
				LD_RUNPATH_SEARCH_PATHS = (
					"$(inherited)",
					"@executable_path/Frameworks",
				);
				MARKETING_VERSION = 1.0;
				PRODUCT_BUNDLE_IDENTIFIER = codeLib.YTMoyaDemo;
				PRODUCT_NAME = "$(TARGET_NAME)";
				SWIFT_EMIT_LOC_STRINGS = YES;
				SWIFT_VERSION = 5.0;
				TARGETED_DEVICE_FAMILY = "1,2";
			};
			name = Debug;
		};
		3536EAD828A90A500047FECF /* Release */ = {
			isa = XCBuildConfiguration;
			baseConfigurationReference = FE1A5AB2CB16015444984C5D /* Pods-YTMoyaDemo.release.xcconfig */;
			buildSettings = {
				ASSETCATALOG_COMPILER_APPICON_NAME = AppIcon;
				ASSETCATALOG_COMPILER_GLOBAL_ACCENT_COLOR_NAME = AccentColor;
				CODE_SIGN_STYLE = Automatic;
				CURRENT_PROJECT_VERSION = 1;
				GENERATE_INFOPLIST_FILE = YES;
				INFOPLIST_FILE = YTMoyaDemo/Info.plist;
				INFOPLIST_KEY_UIApplicationSupportsIndirectInputEvents = YES;
				INFOPLIST_KEY_UILaunchStoryboardName = LaunchScreen;
				INFOPLIST_KEY_UIMainStoryboardFile = Main;
				INFOPLIST_KEY_UISupportedInterfaceOrientations_iPad = "UIInterfaceOrientationPortrait UIInterfaceOrientationPortraitUpsideDown UIInterfaceOrientationLandscapeLeft UIInterfaceOrientationLandscapeRight";
				INFOPLIST_KEY_UISupportedInterfaceOrientations_iPhone = "UIInterfaceOrientationPortrait UIInterfaceOrientationLandscapeLeft UIInterfaceOrientationLandscapeRight";
				LD_RUNPATH_SEARCH_PATHS = (
					"$(inherited)",
					"@executable_path/Frameworks",
				);
				MARKETING_VERSION = 1.0;
				PRODUCT_BUNDLE_IDENTIFIER = codeLib.YTMoyaDemo;
				PRODUCT_NAME = "$(TARGET_NAME)";
				SWIFT_EMIT_LOC_STRINGS = YES;
				SWIFT_VERSION = 5.0;
				TARGETED_DEVICE_FAMILY = "1,2";
			};
			name = Release;
		};
/* End XCBuildConfiguration section */

/* Begin XCConfigurationList section */
		3536EABD28A90A4E0047FECF /* Build configuration list for PBXProject "YTMoyaDemo" */ = {
			isa = XCConfigurationList;
			buildConfigurations = (
				3536EAD428A90A500047FECF /* Debug */,
				3536EAD528A90A500047FECF /* Release */,
			);
			defaultConfigurationIsVisible = 0;
			defaultConfigurationName = Release;
		};
		3536EAD628A90A500047FECF /* Build configuration list for PBXNativeTarget "YTMoyaDemo" */ = {
			isa = XCConfigurationList;
			buildConfigurations = (
				3536EAD728A90A500047FECF /* Debug */,
				3536EAD828A90A500047FECF /* Release */,
			);
			defaultConfigurationIsVisible = 0;
			defaultConfigurationName = Release;
		};
/* End XCConfigurationList section */
	};
	rootObject = 3536EABA28A90A4E0047FECF /* Project object */;
}
